// !$*UTF8*$!
{
	archiveVersion = 1;
	classes = {
	};
	objectVersion = 55;
	objects = {

/* Begin PBXBuildFile section */
		105798A8283A2E8500F71B8E /* AddNoteView.swift in Sources */ = {isa = PBXBuildFile; fileRef = 105798A7283A2E8500F71B8E /* AddNoteView.swift */; };
		105798AA283A384400F71B8E /* AddNoteViewModel.swift in Sources */ = {isa = PBXBuildFile; fileRef = 105798A9283A384400F71B8E /* AddNoteViewModel.swift */; };
		105798AC283A3BE100F71B8E /* AppDependency.swift in Sources */ = {isa = PBXBuildFile; fileRef = 105798AB283A3BE100F71B8E /* AppDependency.swift */; };
		106D7F0A28342A6D00496B57 /* Note.swift in Sources */ = {isa = PBXBuildFile; fileRef = 106D7F0928342A6D00496B57 /* Note.swift */; };
		106D7F0D2834340C00496B57 /* NoteLoader.swift in Sources */ = {isa = PBXBuildFile; fileRef = 106D7F0C2834340C00496B57 /* NoteLoader.swift */; };
		106D7F0F2835243A00496B57 /* NoteAdder.swift in Sources */ = {isa = PBXBuildFile; fileRef = 106D7F0E2835243A00496B57 /* NoteAdder.swift */; };
		106D7F112835248500496B57 /* NoteDeleter.swift in Sources */ = {isa = PBXBuildFile; fileRef = 106D7F102835248500496B57 /* NoteDeleter.swift */; };
		106D7F13283525A600496B57 /* NoteStore.swift in Sources */ = {isa = PBXBuildFile; fileRef = 106D7F12283525A600496B57 /* NoteStore.swift */; };
		106D7F1628352B7100496B57 /* FirebaseHelper.swift in Sources */ = {isa = PBXBuildFile; fileRef = 106D7F1528352B7100496B57 /* FirebaseHelper.swift */; };
		106D7F182836D4FB00496B57 /* NoteListView.swift in Sources */ = {isa = PBXBuildFile; fileRef = 106D7F172836D4FB00496B57 /* NoteListView.swift */; };
		106D7F1A2836D58900496B57 /* NoteView.swift in Sources */ = {isa = PBXBuildFile; fileRef = 106D7F192836D58900496B57 /* NoteView.swift */; };
		106D7F1C2836D61400496B57 /* Extension.swift in Sources */ = {isa = PBXBuildFile; fileRef = 106D7F1B2836D61400496B57 /* Extension.swift */; };
		106D7F1F2836D89F00496B57 /* NoteListViewModel.swift in Sources */ = {isa = PBXBuildFile; fileRef = 106D7F1E2836D89F00496B57 /* NoteListViewModel.swift */; };
		10D042C328317772000203CC /* CloudNotesApp.swift in Sources */ = {isa = PBXBuildFile; fileRef = 10D042C228317772000203CC /* CloudNotesApp.swift */; };
		10D042C728317775000203CC /* Assets.xcassets in Resources */ = {isa = PBXBuildFile; fileRef = 10D042C628317775000203CC /* Assets.xcassets */; };
		10D042CA28317775000203CC /* Preview Assets.xcassets in Resources */ = {isa = PBXBuildFile; fileRef = 10D042C928317775000203CC /* Preview Assets.xcassets */; };
		10D042ED2831799B000203CC /* GoogleService-Info.plist in Resources */ = {isa = PBXBuildFile; fileRef = 10D042EC2831799B000203CC /* GoogleService-Info.plist */; };
		10D042F128317C01000203CC /* FirebaseAnalytics in Frameworks */ = {isa = PBXBuildFile; productRef = 10D042F028317C01000203CC /* FirebaseAnalytics */; };
		10D042F328317C01000203CC /* FirebaseAnalyticsOnDeviceConversion in Frameworks */ = {isa = PBXBuildFile; productRef = 10D042F228317C01000203CC /* FirebaseAnalyticsOnDeviceConversion */; };
		10D042F528317C01000203CC /* FirebaseAnalyticsSwift in Frameworks */ = {isa = PBXBuildFile; productRef = 10D042F428317C01000203CC /* FirebaseAnalyticsSwift */; };
		10D042F728317C01000203CC /* FirebaseAnalyticsWithoutAdIdSupport in Frameworks */ = {isa = PBXBuildFile; productRef = 10D042F628317C01000203CC /* FirebaseAnalyticsWithoutAdIdSupport */; };
		10D042F928317C01000203CC /* FirebaseAppCheck in Frameworks */ = {isa = PBXBuildFile; productRef = 10D042F828317C01000203CC /* FirebaseAppCheck */; };
		10D042FB28317C01000203CC /* FirebaseAppDistribution-Beta in Frameworks */ = {isa = PBXBuildFile; productRef = 10D042FA28317C01000203CC /* FirebaseAppDistribution-Beta */; };
		10D042FD28317C01000203CC /* FirebaseAuth in Frameworks */ = {isa = PBXBuildFile; productRef = 10D042FC28317C01000203CC /* FirebaseAuth */; };
		10D042FF28317C01000203CC /* FirebaseAuthCombine-Community in Frameworks */ = {isa = PBXBuildFile; productRef = 10D042FE28317C01000203CC /* FirebaseAuthCombine-Community */; };
		10D0430128317C01000203CC /* FirebaseCrashlytics in Frameworks */ = {isa = PBXBuildFile; productRef = 10D0430028317C01000203CC /* FirebaseCrashlytics */; };
		10D0430328317C01000203CC /* FirebaseDatabase in Frameworks */ = {isa = PBXBuildFile; productRef = 10D0430228317C01000203CC /* FirebaseDatabase */; };
		10D0430528317C01000203CC /* FirebaseDatabaseSwift in Frameworks */ = {isa = PBXBuildFile; productRef = 10D0430428317C01000203CC /* FirebaseDatabaseSwift */; };
		10D0430728317C01000203CC /* FirebaseDynamicLinks in Frameworks */ = {isa = PBXBuildFile; productRef = 10D0430628317C01000203CC /* FirebaseDynamicLinks */; };
		10D0430928317C01000203CC /* FirebaseFirestore in Frameworks */ = {isa = PBXBuildFile; productRef = 10D0430828317C01000203CC /* FirebaseFirestore */; };
		10D0430B28317C01000203CC /* FirebaseFirestoreCombine-Community in Frameworks */ = {isa = PBXBuildFile; productRef = 10D0430A28317C01000203CC /* FirebaseFirestoreCombine-Community */; };
		10D0430D28317C01000203CC /* FirebaseFirestoreSwift in Frameworks */ = {isa = PBXBuildFile; productRef = 10D0430C28317C01000203CC /* FirebaseFirestoreSwift */; };
		10D0430F28317C01000203CC /* FirebaseFunctions in Frameworks */ = {isa = PBXBuildFile; productRef = 10D0430E28317C01000203CC /* FirebaseFunctions */; };
		10D0431128317C01000203CC /* FirebaseFunctionsCombine-Community in Frameworks */ = {isa = PBXBuildFile; productRef = 10D0431028317C01000203CC /* FirebaseFunctionsCombine-Community */; };
		10D0431328317C01000203CC /* FirebaseInAppMessaging-Beta in Frameworks */ = {isa = PBXBuildFile; productRef = 10D0431228317C01000203CC /* FirebaseInAppMessaging-Beta */; };
		10D0431528317C01000203CC /* FirebaseInAppMessagingSwift-Beta in Frameworks */ = {isa = PBXBuildFile; productRef = 10D0431428317C01000203CC /* FirebaseInAppMessagingSwift-Beta */; };
		10D0431728317C01000203CC /* FirebaseInstallations in Frameworks */ = {isa = PBXBuildFile; productRef = 10D0431628317C01000203CC /* FirebaseInstallations */; };
		10D0431928317C01000203CC /* FirebaseMLModelDownloader in Frameworks */ = {isa = PBXBuildFile; productRef = 10D0431828317C01000203CC /* FirebaseMLModelDownloader */; };
		10D0431B28317C01000203CC /* FirebaseMessaging in Frameworks */ = {isa = PBXBuildFile; productRef = 10D0431A28317C01000203CC /* FirebaseMessaging */; };
		10D0431D28317C01000203CC /* FirebasePerformance in Frameworks */ = {isa = PBXBuildFile; productRef = 10D0431C28317C01000203CC /* FirebasePerformance */; };
		10D0431F28317C01000203CC /* FirebaseRemoteConfig in Frameworks */ = {isa = PBXBuildFile; productRef = 10D0431E28317C01000203CC /* FirebaseRemoteConfig */; };
		10D0432128317C01000203CC /* FirebaseRemoteConfigSwift in Frameworks */ = {isa = PBXBuildFile; productRef = 10D0432028317C01000203CC /* FirebaseRemoteConfigSwift */; };
		10D0432328317C01000203CC /* FirebaseStorage in Frameworks */ = {isa = PBXBuildFile; productRef = 10D0432228317C01000203CC /* FirebaseStorage */; };
		10D0432528317C01000203CC /* FirebaseStorageCombine-Community in Frameworks */ = {isa = PBXBuildFile; productRef = 10D0432428317C01000203CC /* FirebaseStorageCombine-Community */; };
/* End PBXBuildFile section */

/* Begin PBXContainerItemProxy section */
		10D042D028317775000203CC /* PBXContainerItemProxy */ = {
			isa = PBXContainerItemProxy;
			containerPortal = 10D042B728317772000203CC /* Project object */;
			proxyType = 1;
			remoteGlobalIDString = 10D042BE28317772000203CC;
			remoteInfo = CloudNotes;
		};
/* End PBXContainerItemProxy section */

/* Begin PBXFileReference section */
		105798A7283A2E8500F71B8E /* AddNoteView.swift */ = {isa = PBXFileReference; lastKnownFileType = sourcecode.swift; path = AddNoteView.swift; sourceTree = "<group>"; };
		105798A9283A384400F71B8E /* AddNoteViewModel.swift */ = {isa = PBXFileReference; lastKnownFileType = sourcecode.swift; path = AddNoteViewModel.swift; sourceTree = "<group>"; };
		105798AB283A3BE100F71B8E /* AppDependency.swift */ = {isa = PBXFileReference; lastKnownFileType = sourcecode.swift; path = AppDependency.swift; sourceTree = "<group>"; };
		106D7F0928342A6D00496B57 /* Note.swift */ = {isa = PBXFileReference; lastKnownFileType = sourcecode.swift; path = Note.swift; sourceTree = "<group>"; };
		106D7F0C2834340C00496B57 /* NoteLoader.swift */ = {isa = PBXFileReference; lastKnownFileType = sourcecode.swift; path = NoteLoader.swift; sourceTree = "<group>"; };
		106D7F0E2835243A00496B57 /* NoteAdder.swift */ = {isa = PBXFileReference; lastKnownFileType = sourcecode.swift; path = NoteAdder.swift; sourceTree = "<group>"; };
		106D7F102835248500496B57 /* NoteDeleter.swift */ = {isa = PBXFileReference; lastKnownFileType = sourcecode.swift; path = NoteDeleter.swift; sourceTree = "<group>"; };
		106D7F12283525A600496B57 /* NoteStore.swift */ = {isa = PBXFileReference; lastKnownFileType = sourcecode.swift; path = NoteStore.swift; sourceTree = "<group>"; };
		106D7F1528352B7100496B57 /* FirebaseHelper.swift */ = {isa = PBXFileReference; lastKnownFileType = sourcecode.swift; path = FirebaseHelper.swift; sourceTree = "<group>"; };
		106D7F172836D4FB00496B57 /* NoteListView.swift */ = {isa = PBXFileReference; lastKnownFileType = sourcecode.swift; path = NoteListView.swift; sourceTree = "<group>"; };
		106D7F192836D58900496B57 /* NoteView.swift */ = {isa = PBXFileReference; lastKnownFileType = sourcecode.swift; path = NoteView.swift; sourceTree = "<group>"; };
		106D7F1B2836D61400496B57 /* Extension.swift */ = {isa = PBXFileReference; lastKnownFileType = sourcecode.swift; path = Extension.swift; sourceTree = "<group>"; };
		106D7F1E2836D89F00496B57 /* NoteListViewModel.swift */ = {isa = PBXFileReference; lastKnownFileType = sourcecode.swift; path = NoteListViewModel.swift; sourceTree = "<group>"; };
		106D7F202838F1DC00496B57 /* Info.plist */ = {isa = PBXFileReference; lastKnownFileType = text.plist; path = Info.plist; sourceTree = "<group>"; };
		10D042BF28317772000203CC /* CloudNotes.app */ = {isa = PBXFileReference; explicitFileType = wrapper.application; includeInIndex = 0; path = CloudNotes.app; sourceTree = BUILT_PRODUCTS_DIR; };
		10D042C228317772000203CC /* CloudNotesApp.swift */ = {isa = PBXFileReference; lastKnownFileType = sourcecode.swift; path = CloudNotesApp.swift; sourceTree = "<group>"; };
		10D042C628317775000203CC /* Assets.xcassets */ = {isa = PBXFileReference; lastKnownFileType = folder.assetcatalog; path = Assets.xcassets; sourceTree = "<group>"; };
		10D042C928317775000203CC /* Preview Assets.xcassets */ = {isa = PBXFileReference; lastKnownFileType = folder.assetcatalog; path = "Preview Assets.xcassets"; sourceTree = "<group>"; };
		10D042CF28317775000203CC /* CloudNotesTests.xctest */ = {isa = PBXFileReference; explicitFileType = wrapper.cfbundle; includeInIndex = 0; path = CloudNotesTests.xctest; sourceTree = BUILT_PRODUCTS_DIR; };
		10D042EC2831799B000203CC /* GoogleService-Info.plist */ = {isa = PBXFileReference; fileEncoding = 4; lastKnownFileType = text.plist.xml; path = "GoogleService-Info.plist"; sourceTree = "<group>"; };
/* End PBXFileReference section */

/* Begin PBXFrameworksBuildPhase section */
		10D042BC28317772000203CC /* Frameworks */ = {
			isa = PBXFrameworksBuildPhase;
			buildActionMask = 2147483647;
			files = (
				10D0430328317C01000203CC /* FirebaseDatabase in Frameworks */,
				10D0431128317C01000203CC /* FirebaseFunctionsCombine-Community in Frameworks */,
				10D0430928317C01000203CC /* FirebaseFirestore in Frameworks */,
				10D042F528317C01000203CC /* FirebaseAnalyticsSwift in Frameworks */,
				10D042F128317C01000203CC /* FirebaseAnalytics in Frameworks */,
				10D042F328317C01000203CC /* FirebaseAnalyticsOnDeviceConversion in Frameworks */,
				10D0431928317C01000203CC /* FirebaseMLModelDownloader in Frameworks */,
				10D0430D28317C01000203CC /* FirebaseFirestoreSwift in Frameworks */,
				10D042F928317C01000203CC /* FirebaseAppCheck in Frameworks */,
				10D042F728317C01000203CC /* FirebaseAnalyticsWithoutAdIdSupport in Frameworks */,
				10D042FD28317C01000203CC /* FirebaseAuth in Frameworks */,
				10D0430128317C01000203CC /* FirebaseCrashlytics in Frameworks */,
				10D0432128317C01000203CC /* FirebaseRemoteConfigSwift in Frameworks */,
				10D0431328317C01000203CC /* FirebaseInAppMessaging-Beta in Frameworks */,
				10D0430528317C01000203CC /* FirebaseDatabaseSwift in Frameworks */,
				10D0430F28317C01000203CC /* FirebaseFunctions in Frameworks */,
				10D0432528317C01000203CC /* FirebaseStorageCombine-Community in Frameworks */,
				10D0431F28317C01000203CC /* FirebaseRemoteConfig in Frameworks */,
				10D042FB28317C01000203CC /* FirebaseAppDistribution-Beta in Frameworks */,
				10D042FF28317C01000203CC /* FirebaseAuthCombine-Community in Frameworks */,
				10D0431D28317C01000203CC /* FirebasePerformance in Frameworks */,
				10D0431528317C01000203CC /* FirebaseInAppMessagingSwift-Beta in Frameworks */,
				10D0432328317C01000203CC /* FirebaseStorage in Frameworks */,
				10D0430728317C01000203CC /* FirebaseDynamicLinks in Frameworks */,
				10D0430B28317C01000203CC /* FirebaseFirestoreCombine-Community in Frameworks */,
				10D0431B28317C01000203CC /* FirebaseMessaging in Frameworks */,
				10D0431728317C01000203CC /* FirebaseInstallations in Frameworks */,
			);
			runOnlyForDeploymentPostprocessing = 0;
		};
		10D042CC28317775000203CC /* Frameworks */ = {
			isa = PBXFrameworksBuildPhase;
			buildActionMask = 2147483647;
			files = (
			);
			runOnlyForDeploymentPostprocessing = 0;
		};
/* End PBXFrameworksBuildPhase section */

/* Begin PBXGroup section */
		106D7F0728342A4C00496B57 /* Views */ = {
			isa = PBXGroup;
			children = (
				106D7F172836D4FB00496B57 /* NoteListView.swift */,
				106D7F192836D58900496B57 /* NoteView.swift */,
				105798A7283A2E8500F71B8E /* AddNoteView.swift */,
			);
			path = Views;
			sourceTree = "<group>";
		};
		106D7F0828342A5500496B57 /* Model */ = {
			isa = PBXGroup;
			children = (
				106D7F0928342A6D00496B57 /* Note.swift */,
			);
			path = Model;
			sourceTree = "<group>";
		};
		106D7F0B283433FB00496B57 /* Repo */ = {
			isa = PBXGroup;
			children = (
				106D7F0E2835243A00496B57 /* NoteAdder.swift */,
				106D7F0C2834340C00496B57 /* NoteLoader.swift */,
				106D7F102835248500496B57 /* NoteDeleter.swift */,
				106D7F12283525A600496B57 /* NoteStore.swift */,
			);
			path = Repo;
			sourceTree = "<group>";
		};
		106D7F1428352B5C00496B57 /* Helper */ = {
			isa = PBXGroup;
			children = (
				106D7F1528352B7100496B57 /* FirebaseHelper.swift */,
				106D7F1B2836D61400496B57 /* Extension.swift */,
			);
			path = Helper;
			sourceTree = "<group>";
		};
		106D7F1D2836D87A00496B57 /* ViewModel */ = {
			isa = PBXGroup;
			children = (
				106D7F1E2836D89F00496B57 /* NoteListViewModel.swift */,
				105798A9283A384400F71B8E /* AddNoteViewModel.swift */,
			);
			path = ViewModel;
			sourceTree = "<group>";
		};
		10D042B628317772000203CC = {
			isa = PBXGroup;
			children = (
				10D042C128317772000203CC /* CloudNotes */,
				10D042D228317775000203CC /* CloudNotesTests */,
				10D042C028317772000203CC /* Products */,
			);
			sourceTree = "<group>";
		};
		10D042C028317772000203CC /* Products */ = {
			isa = PBXGroup;
			children = (
				10D042BF28317772000203CC /* CloudNotes.app */,
				10D042CF28317775000203CC /* CloudNotesTests.xctest */,
			);
			name = Products;
			sourceTree = "<group>";
		};
		10D042C128317772000203CC /* CloudNotes */ = {
			isa = PBXGroup;
			children = (
				106D7F202838F1DC00496B57 /* Info.plist */,
				10D042C228317772000203CC /* CloudNotesApp.swift */,
				105798AB283A3BE100F71B8E /* AppDependency.swift */,
				106D7F1428352B5C00496B57 /* Helper */,
				106D7F0B283433FB00496B57 /* Repo */,
				106D7F0828342A5500496B57 /* Model */,
				106D7F1D2836D87A00496B57 /* ViewModel */,
				106D7F0728342A4C00496B57 /* Views */,
				10D042EE283179A1000203CC /* Resource */,
				10D042C828317775000203CC /* Preview Content */,
			);
			path = CloudNotes;
			sourceTree = "<group>";
		};
		10D042C828317775000203CC /* Preview Content */ = {
			isa = PBXGroup;
			children = (
				10D042C928317775000203CC /* Preview Assets.xcassets */,
			);
			path = "Preview Content";
			sourceTree = "<group>";
		};
		10D042D228317775000203CC /* CloudNotesTests */ = {
			isa = PBXGroup;
			children = (
			);
			path = CloudNotesTests;
			sourceTree = "<group>";
		};
		10D042EE283179A1000203CC /* Resource */ = {
			isa = PBXGroup;
			children = (
				10D042EC2831799B000203CC /* GoogleService-Info.plist */,
				10D042C628317775000203CC /* Assets.xcassets */,
			);
			path = Resource;
			sourceTree = "<group>";
		};
/* End PBXGroup section */

/* Begin PBXNativeTarget section */
		10D042BE28317772000203CC /* CloudNotes */ = {
			isa = PBXNativeTarget;
			buildConfigurationList = 10D042E328317776000203CC /* Build configuration list for PBXNativeTarget "CloudNotes" */;
			buildPhases = (
				10D042BB28317772000203CC /* Sources */,
				10D042BC28317772000203CC /* Frameworks */,
				10D042BD28317772000203CC /* Resources */,
			);
			buildRules = (
			);
			dependencies = (
			);
			name = CloudNotes;
			packageProductDependencies = (
				10D042F028317C01000203CC /* FirebaseAnalytics */,
				10D042F228317C01000203CC /* FirebaseAnalyticsOnDeviceConversion */,
				10D042F428317C01000203CC /* FirebaseAnalyticsSwift */,
				10D042F628317C01000203CC /* FirebaseAnalyticsWithoutAdIdSupport */,
				10D042F828317C01000203CC /* FirebaseAppCheck */,
				10D042FA28317C01000203CC /* FirebaseAppDistribution-Beta */,
				10D042FC28317C01000203CC /* FirebaseAuth */,
				10D042FE28317C01000203CC /* FirebaseAuthCombine-Community */,
				10D0430028317C01000203CC /* FirebaseCrashlytics */,
				10D0430228317C01000203CC /* FirebaseDatabase */,
				10D0430428317C01000203CC /* FirebaseDatabaseSwift */,
				10D0430628317C01000203CC /* FirebaseDynamicLinks */,
				10D0430828317C01000203CC /* FirebaseFirestore */,
				10D0430A28317C01000203CC /* FirebaseFirestoreCombine-Community */,
				10D0430C28317C01000203CC /* FirebaseFirestoreSwift */,
				10D0430E28317C01000203CC /* FirebaseFunctions */,
				10D0431028317C01000203CC /* FirebaseFunctionsCombine-Community */,
				10D0431228317C01000203CC /* FirebaseInAppMessaging-Beta */,
				10D0431428317C01000203CC /* FirebaseInAppMessagingSwift-Beta */,
				10D0431628317C01000203CC /* FirebaseInstallations */,
				10D0431828317C01000203CC /* FirebaseMLModelDownloader */,
				10D0431A28317C01000203CC /* FirebaseMessaging */,
				10D0431C28317C01000203CC /* FirebasePerformance */,
				10D0431E28317C01000203CC /* FirebaseRemoteConfig */,
				10D0432028317C01000203CC /* FirebaseRemoteConfigSwift */,
				10D0432228317C01000203CC /* FirebaseStorage */,
				10D0432428317C01000203CC /* FirebaseStorageCombine-Community */,
			);
			productName = CloudNotes;
			productReference = 10D042BF28317772000203CC /* CloudNotes.app */;
			productType = "com.apple.product-type.application";
		};
		10D042CE28317775000203CC /* CloudNotesTests */ = {
			isa = PBXNativeTarget;
			buildConfigurationList = 10D042E628317776000203CC /* Build configuration list for PBXNativeTarget "CloudNotesTests" */;
			buildPhases = (
				10D042CB28317775000203CC /* Sources */,
				10D042CC28317775000203CC /* Frameworks */,
				10D042CD28317775000203CC /* Resources */,
			);
			buildRules = (
			);
			dependencies = (
				10D042D128317775000203CC /* PBXTargetDependency */,
			);
			name = CloudNotesTests;
			productName = CloudNotesTests;
			productReference = 10D042CF28317775000203CC /* CloudNotesTests.xctest */;
			productType = "com.apple.product-type.bundle.unit-test";
		};
/* End PBXNativeTarget section */

/* Begin PBXProject section */
		10D042B728317772000203CC /* Project object */ = {
			isa = PBXProject;
			attributes = {
				BuildIndependentTargetsInParallel = 1;
				LastSwiftUpdateCheck = 1320;
				LastUpgradeCheck = 1320;
				TargetAttributes = {
					10D042BE28317772000203CC = {
						CreatedOnToolsVersion = 13.2.1;
					};
					10D042CE28317775000203CC = {
						CreatedOnToolsVersion = 13.2.1;
						TestTargetID = 10D042BE28317772000203CC;
					};
				};
			};
			buildConfigurationList = 10D042BA28317772000203CC /* Build configuration list for PBXProject "CloudNotes" */;
			compatibilityVersion = "Xcode 13.0";
			developmentRegion = en;
			hasScannedForEncodings = 0;
			knownRegions = (
				en,
				Base,
			);
			mainGroup = 10D042B628317772000203CC;
			packageReferences = (
				10D042EF28317C01000203CC /* XCRemoteSwiftPackageReference "firebase-ios-sdk" */,
			);
			productRefGroup = 10D042C028317772000203CC /* Products */;
			projectDirPath = "";
			projectRoot = "";
			targets = (
				10D042BE28317772000203CC /* CloudNotes */,
				10D042CE28317775000203CC /* CloudNotesTests */,
			);
		};
/* End PBXProject section */

/* Begin PBXResourcesBuildPhase section */
		10D042BD28317772000203CC /* Resources */ = {
			isa = PBXResourcesBuildPhase;
			buildActionMask = 2147483647;
			files = (
				10D042CA28317775000203CC /* Preview Assets.xcassets in Resources */,
				10D042C728317775000203CC /* Assets.xcassets in Resources */,
				10D042ED2831799B000203CC /* GoogleService-Info.plist in Resources */,
			);
			runOnlyForDeploymentPostprocessing = 0;
		};
		10D042CD28317775000203CC /* Resources */ = {
			isa = PBXResourcesBuildPhase;
			buildActionMask = 2147483647;
			files = (
			);
			runOnlyForDeploymentPostprocessing = 0;
		};
/* End PBXResourcesBuildPhase section */

/* Begin PBXSourcesBuildPhase section */
		10D042BB28317772000203CC /* Sources */ = {
			isa = PBXSourcesBuildPhase;
			buildActionMask = 2147483647;
			files = (
				106D7F1628352B7100496B57 /* FirebaseHelper.swift in Sources */,
				106D7F0F2835243A00496B57 /* NoteAdder.swift in Sources */,
				106D7F182836D4FB00496B57 /* NoteListView.swift in Sources */,
				106D7F0D2834340C00496B57 /* NoteLoader.swift in Sources */,
				106D7F13283525A600496B57 /* NoteStore.swift in Sources */,
				106D7F1C2836D61400496B57 /* Extension.swift in Sources */,
				105798AC283A3BE100F71B8E /* AppDependency.swift in Sources */,
				105798AA283A384400F71B8E /* AddNoteViewModel.swift in Sources */,
				105798A8283A2E8500F71B8E /* AddNoteView.swift in Sources */,
				106D7F112835248500496B57 /* NoteDeleter.swift in Sources */,
				10D042C328317772000203CC /* CloudNotesApp.swift in Sources */,
				106D7F0A28342A6D00496B57 /* Note.swift in Sources */,
				106D7F1F2836D89F00496B57 /* NoteListViewModel.swift in Sources */,
				106D7F1A2836D58900496B57 /* NoteView.swift in Sources */,
			);
			runOnlyForDeploymentPostprocessing = 0;
		};
		10D042CB28317775000203CC /* Sources */ = {
			isa = PBXSourcesBuildPhase;
			buildActionMask = 2147483647;
			files = (
			);
			runOnlyForDeploymentPostprocessing = 0;
		};
/* End PBXSourcesBuildPhase section */

/* Begin PBXTargetDependency section */
		10D042D128317775000203CC /* PBXTargetDependency */ = {
			isa = PBXTargetDependency;
			target = 10D042BE28317772000203CC /* CloudNotes */;
			targetProxy = 10D042D028317775000203CC /* PBXContainerItemProxy */;
		};
/* End PBXTargetDependency section */

/* Begin XCBuildConfiguration section */
		10D042E128317776000203CC /* Debug */ = {
			isa = XCBuildConfiguration;
			buildSettings = {
				ALWAYS_SEARCH_USER_PATHS = NO;
				CLANG_ANALYZER_NONNULL = YES;
				CLANG_ANALYZER_NUMBER_OBJECT_CONVERSION = YES_AGGRESSIVE;
				CLANG_CXX_LANGUAGE_STANDARD = "gnu++17";
				CLANG_CXX_LIBRARY = "libc++";
				CLANG_ENABLE_MODULES = YES;
				CLANG_ENABLE_OBJC_ARC = YES;
				CLANG_ENABLE_OBJC_WEAK = YES;
				CLANG_WARN_BLOCK_CAPTURE_AUTORELEASING = YES;
				CLANG_WARN_BOOL_CONVERSION = YES;
				CLANG_WARN_COMMA = YES;
				CLANG_WARN_CONSTANT_CONVERSION = YES;
				CLANG_WARN_DEPRECATED_OBJC_IMPLEMENTATIONS = YES;
				CLANG_WARN_DIRECT_OBJC_ISA_USAGE = YES_ERROR;
				CLANG_WARN_DOCUMENTATION_COMMENTS = YES;
				CLANG_WARN_EMPTY_BODY = YES;
				CLANG_WARN_ENUM_CONVERSION = YES;
				CLANG_WARN_INFINITE_RECURSION = YES;
				CLANG_WARN_INT_CONVERSION = YES;
				CLANG_WARN_NON_LITERAL_NULL_CONVERSION = YES;
				CLANG_WARN_OBJC_IMPLICIT_RETAIN_SELF = YES;
				CLANG_WARN_OBJC_LITERAL_CONVERSION = YES;
				CLANG_WARN_OBJC_ROOT_CLASS = YES_ERROR;
				CLANG_WARN_QUOTED_INCLUDE_IN_FRAMEWORK_HEADER = YES;
				CLANG_WARN_RANGE_LOOP_ANALYSIS = YES;
				CLANG_WARN_STRICT_PROTOTYPES = YES;
				CLANG_WARN_SUSPICIOUS_MOVE = YES;
				CLANG_WARN_UNGUARDED_AVAILABILITY = YES_AGGRESSIVE;
				CLANG_WARN_UNREACHABLE_CODE = YES;
				CLANG_WARN__DUPLICATE_METHOD_MATCH = YES;
				COPY_PHASE_STRIP = NO;
				DEBUG_INFORMATION_FORMAT = dwarf;
				ENABLE_STRICT_OBJC_MSGSEND = YES;
				ENABLE_TESTABILITY = YES;
				GCC_C_LANGUAGE_STANDARD = gnu11;
				GCC_DYNAMIC_NO_PIC = NO;
				GCC_NO_COMMON_BLOCKS = YES;
				GCC_OPTIMIZATION_LEVEL = 0;
				GCC_PREPROCESSOR_DEFINITIONS = (
					"DEBUG=1",
					"$(inherited)",
				);
				GCC_WARN_64_TO_32_BIT_CONVERSION = YES;
				GCC_WARN_ABOUT_RETURN_TYPE = YES_ERROR;
				GCC_WARN_UNDECLARED_SELECTOR = YES;
				GCC_WARN_UNINITIALIZED_AUTOS = YES_AGGRESSIVE;
				GCC_WARN_UNUSED_FUNCTION = YES;
				GCC_WARN_UNUSED_VARIABLE = YES;
				IPHONEOS_DEPLOYMENT_TARGET = 15.2;
				MTL_ENABLE_DEBUG_INFO = INCLUDE_SOURCE;
				MTL_FAST_MATH = YES;
				ONLY_ACTIVE_ARCH = YES;
				SDKROOT = iphoneos;
				SWIFT_ACTIVE_COMPILATION_CONDITIONS = DEBUG;
				SWIFT_OPTIMIZATION_LEVEL = "-Onone";
			};
			name = Debug;
		};
		10D042E228317776000203CC /* Release */ = {
			isa = XCBuildConfiguration;
			buildSettings = {
				ALWAYS_SEARCH_USER_PATHS = NO;
				CLANG_ANALYZER_NONNULL = YES;
				CLANG_ANALYZER_NUMBER_OBJECT_CONVERSION = YES_AGGRESSIVE;
				CLANG_CXX_LANGUAGE_STANDARD = "gnu++17";
				CLANG_CXX_LIBRARY = "libc++";
				CLANG_ENABLE_MODULES = YES;
				CLANG_ENABLE_OBJC_ARC = YES;
				CLANG_ENABLE_OBJC_WEAK = YES;
				CLANG_WARN_BLOCK_CAPTURE_AUTORELEASING = YES;
				CLANG_WARN_BOOL_CONVERSION = YES;
				CLANG_WARN_COMMA = YES;
				CLANG_WARN_CONSTANT_CONVERSION = YES;
				CLANG_WARN_DEPRECATED_OBJC_IMPLEMENTATIONS = YES;
				CLANG_WARN_DIRECT_OBJC_ISA_USAGE = YES_ERROR;
				CLANG_WARN_DOCUMENTATION_COMMENTS = YES;
				CLANG_WARN_EMPTY_BODY = YES;
				CLANG_WARN_ENUM_CONVERSION = YES;
				CLANG_WARN_INFINITE_RECURSION = YES;
				CLANG_WARN_INT_CONVERSION = YES;
				CLANG_WARN_NON_LITERAL_NULL_CONVERSION = YES;
				CLANG_WARN_OBJC_IMPLICIT_RETAIN_SELF = YES;
				CLANG_WARN_OBJC_LITERAL_CONVERSION = YES;
				CLANG_WARN_OBJC_ROOT_CLASS = YES_ERROR;
				CLANG_WARN_QUOTED_INCLUDE_IN_FRAMEWORK_HEADER = YES;
				CLANG_WARN_RANGE_LOOP_ANALYSIS = YES;
				CLANG_WARN_STRICT_PROTOTYPES = YES;
				CLANG_WARN_SUSPICIOUS_MOVE = YES;
				CLANG_WARN_UNGUARDED_AVAILABILITY = YES_AGGRESSIVE;
				CLANG_WARN_UNREACHABLE_CODE = YES;
				CLANG_WARN__DUPLICATE_METHOD_MATCH = YES;
				COPY_PHASE_STRIP = NO;
				DEBUG_INFORMATION_FORMAT = "dwarf-with-dsym";
				ENABLE_NS_ASSERTIONS = NO;
				ENABLE_STRICT_OBJC_MSGSEND = YES;
				GCC_C_LANGUAGE_STANDARD = gnu11;
				GCC_NO_COMMON_BLOCKS = YES;
				GCC_WARN_64_TO_32_BIT_CONVERSION = YES;
				GCC_WARN_ABOUT_RETURN_TYPE = YES_ERROR;
				GCC_WARN_UNDECLARED_SELECTOR = YES;
				GCC_WARN_UNINITIALIZED_AUTOS = YES_AGGRESSIVE;
				GCC_WARN_UNUSED_FUNCTION = YES;
				GCC_WARN_UNUSED_VARIABLE = YES;
				IPHONEOS_DEPLOYMENT_TARGET = 15.2;
				MTL_ENABLE_DEBUG_INFO = NO;
				MTL_FAST_MATH = YES;
				SDKROOT = iphoneos;
				SWIFT_COMPILATION_MODE = wholemodule;
				SWIFT_OPTIMIZATION_LEVEL = "-O";
				VALIDATE_PRODUCT = YES;
			};
			name = Release;
		};
		10D042E428317776000203CC /* Debug */ = {
			isa = XCBuildConfiguration;
			buildSettings = {
				ASSETCATALOG_COMPILER_APPICON_NAME = AppIcon;
				ASSETCATALOG_COMPILER_GLOBAL_ACCENT_COLOR_NAME = AccentColor;
				CODE_SIGN_IDENTITY = "Apple Development";
				CODE_SIGN_STYLE = Automatic;
				CURRENT_PROJECT_VERSION = 1;
				DEVELOPMENT_ASSET_PATHS = "\"CloudNotes/Preview Content\"";
				DEVELOPMENT_TEAM = 8LJJ6PC8J6;
				ENABLE_PREVIEWS = YES;
				GENERATE_INFOPLIST_FILE = YES;
				INFOPLIST_FILE = CloudNotes/Info.plist;
				INFOPLIST_KEY_UIApplicationSceneManifest_Generation = YES;
				INFOPLIST_KEY_UIApplicationSupportsIndirectInputEvents = YES;
				INFOPLIST_KEY_UILaunchScreen_Generation = YES;
				INFOPLIST_KEY_UISupportedInterfaceOrientations_iPad = "UIInterfaceOrientationPortrait UIInterfaceOrientationPortraitUpsideDown UIInterfaceOrientationLandscapeLeft UIInterfaceOrientationLandscapeRight";
				INFOPLIST_KEY_UISupportedInterfaceOrientations_iPhone = "UIInterfaceOrientationPortrait UIInterfaceOrientationLandscapeLeft UIInterfaceOrientationLandscapeRight";
				LD_RUNPATH_SEARCH_PATHS = (
					"$(inherited)",
					"@executable_path/Frameworks",
				);
				MARKETING_VERSION = 1.0;
				"OTHER_CODE_SIGN_FLAGS[sdk=*]" = "--generate-entitlement-der";
				PRODUCT_BUNDLE_IDENTIFIER = com.hardipgajera.CloudNotes;
				PRODUCT_NAME = "$(TARGET_NAME)";
				PROVISIONING_PROFILE_SPECIFIER = "";
				SWIFT_EMIT_LOC_STRINGS = YES;
				SWIFT_VERSION = 5.0;
				TARGETED_DEVICE_FAMILY = "1,2";
			};
			name = Debug;
		};
		10D042E528317776000203CC /* Release */ = {
			isa = XCBuildConfiguration;
			buildSettings = {
				ASSETCATALOG_COMPILER_APPICON_NAME = AppIcon;
				ASSETCATALOG_COMPILER_GLOBAL_ACCENT_COLOR_NAME = AccentColor;
				CODE_SIGN_IDENTITY = "Apple Development";
				CODE_SIGN_STYLE = Automatic;
				CURRENT_PROJECT_VERSION = 1;
				DEVELOPMENT_ASSET_PATHS = "\"CloudNotes/Preview Content\"";
				DEVELOPMENT_TEAM = 8LJJ6PC8J6;
				ENABLE_PREVIEWS = YES;
				GENERATE_INFOPLIST_FILE = YES;
				INFOPLIST_FILE = CloudNotes/Info.plist;
				INFOPLIST_KEY_UIApplicationSceneManifest_Generation = YES;
				INFOPLIST_KEY_UIApplicationSupportsIndirectInputEvents = YES;
				INFOPLIST_KEY_UILaunchScreen_Generation = YES;
				INFOPLIST_KEY_UISupportedInterfaceOrientations_iPad = "UIInterfaceOrientationPortrait UIInterfaceOrientationPortraitUpsideDown UIInterfaceOrientationLandscapeLeft UIInterfaceOrientationLandscapeRight";
				INFOPLIST_KEY_UISupportedInterfaceOrientations_iPhone = "UIInterfaceOrientationPortrait UIInterfaceOrientationLandscapeLeft UIInterfaceOrientationLandscapeRight";
				LD_RUNPATH_SEARCH_PATHS = (
					"$(inherited)",
					"@executable_path/Frameworks",
				);
				MARKETING_VERSION = 1.0;
				"OTHER_CODE_SIGN_FLAGS[sdk=*]" = "--generate-entitlement-der";
				PRODUCT_BUNDLE_IDENTIFIER = com.hardipgajera.CloudNotes;
				PRODUCT_NAME = "$(TARGET_NAME)";
				PROVISIONING_PROFILE_SPECIFIER = "";
				SWIFT_EMIT_LOC_STRINGS = YES;
				SWIFT_VERSION = 5.0;
				TARGETED_DEVICE_FAMILY = "1,2";
			};
			name = Release;
		};
		10D042E728317776000203CC /* Debug */ = {
			isa = XCBuildConfiguration;
			buildSettings = {
				ALWAYS_EMBED_SWIFT_STANDARD_LIBRARIES = YES;
				BUNDLE_LOADER = "$(TEST_HOST)";
				CODE_SIGN_STYLE = Automatic;
				CURRENT_PROJECT_VERSION = 1;
				DEVELOPMENT_TEAM = 8LJJ6PC8J6;
				GENERATE_INFOPLIST_FILE = YES;
				IPHONEOS_DEPLOYMENT_TARGET = 15.2;
				MARKETING_VERSION = 1.0;
				PRODUCT_BUNDLE_IDENTIFIER = com.hardipgajera.CloudNotesTests;
				PRODUCT_NAME = "$(TARGET_NAME)";
				SWIFT_EMIT_LOC_STRINGS = NO;
				SWIFT_VERSION = 5.0;
				TARGETED_DEVICE_FAMILY = "1,2";
				TEST_HOST = "$(BUILT_PRODUCTS_DIR)/CloudNotes.app/CloudNotes";
			};
			name = Debug;
		};
		10D042E828317776000203CC /* Release */ = {
			isa = XCBuildConfiguration;
			buildSettings = {
				ALWAYS_EMBED_SWIFT_STANDARD_LIBRARIES = YES;
				BUNDLE_LOADER = "$(TEST_HOST)";
				CODE_SIGN_STYLE = Automatic;
				CURRENT_PROJECT_VERSION = 1;
				DEVELOPMENT_TEAM = 8LJJ6PC8J6;
				GENERATE_INFOPLIST_FILE = YES;
				IPHONEOS_DEPLOYMENT_TARGET = 15.2;
				MARKETING_VERSION = 1.0;
				PRODUCT_BUNDLE_IDENTIFIER = com.hardipgajera.CloudNotesTests;
				PRODUCT_NAME = "$(TARGET_NAME)";
				SWIFT_EMIT_LOC_STRINGS = NO;
				SWIFT_VERSION = 5.0;
				TARGETED_DEVICE_FAMILY = "1,2";
				TEST_HOST = "$(BUILT_PRODUCTS_DIR)/CloudNotes.app/CloudNotes";
			};
			name = Release;
		};
/* End XCBuildConfiguration section */

/* Begin XCConfigurationList section */
		10D042BA28317772000203CC /* Build configuration list for PBXProject "CloudNotes" */ = {
			isa = XCConfigurationList;
			buildConfigurations = (
				10D042E128317776000203CC /* Debug */,
				10D042E228317776000203CC /* Release */,
			);
			defaultConfigurationIsVisible = 0;
			defaultConfigurationName = Release;
		};
		10D042E328317776000203CC /* Build configuration list for PBXNativeTarget "CloudNotes" */ = {
			isa = XCConfigurationList;
			buildConfigurations = (
				10D042E428317776000203CC /* Debug */,
				10D042E528317776000203CC /* Release */,
			);
			defaultConfigurationIsVisible = 0;
			defaultConfigurationName = Release;
		};
		10D042E628317776000203CC /* Build configuration list for PBXNativeTarget "CloudNotesTests" */ = {
			isa = XCConfigurationList;
			buildConfigurations = (
				10D042E728317776000203CC /* Debug */,
				10D042E828317776000203CC /* Release */,
			);
			defaultConfigurationIsVisible = 0;
			defaultConfigurationName = Release;
		};
/* End XCConfigurationList section */

/* Begin XCRemoteSwiftPackageReference section */
		10D042EF28317C01000203CC /* XCRemoteSwiftPackageReference "firebase-ios-sdk" */ = {
			isa = XCRemoteSwiftPackageReference;
			repositoryURL = "https://github.com/firebase/firebase-ios-sdk";
			requirement = {
				kind = upToNextMajorVersion;
				minimumVersion = 9.0.0;
			};
		};
/* End XCRemoteSwiftPackageReference section */

/* Begin XCSwiftPackageProductDependency section */
		10D042F028317C01000203CC /* FirebaseAnalytics */ = {
			isa = XCSwiftPackageProductDependency;
			package = 10D042EF28317C01000203CC /* XCRemoteSwiftPackageReference "firebase-ios-sdk" */;
			productName = FirebaseAnalytics;
		};
		10D042F228317C01000203CC /* FirebaseAnalyticsOnDeviceConversion */ = {
			isa = XCSwiftPackageProductDependency;
			package = 10D042EF28317C01000203CC /* XCRemoteSwiftPackageReference "firebase-ios-sdk" */;
			productName = FirebaseAnalyticsOnDeviceConversion;
		};
		10D042F428317C01000203CC /* FirebaseAnalyticsSwift */ = {
			isa = XCSwiftPackageProductDependency;
			package = 10D042EF28317C01000203CC /* XCRemoteSwiftPackageReference "firebase-ios-sdk" */;
			productName = FirebaseAnalyticsSwift;
		};
		10D042F628317C01000203CC /* FirebaseAnalyticsWithoutAdIdSupport */ = {
			isa = XCSwiftPackageProductDependency;
			package = 10D042EF28317C01000203CC /* XCRemoteSwiftPackageReference "firebase-ios-sdk" */;
			productName = FirebaseAnalyticsWithoutAdIdSupport;
		};
		10D042F828317C01000203CC /* FirebaseAppCheck */ = {
			isa = XCSwiftPackageProductDependency;
			package = 10D042EF28317C01000203CC /* XCRemoteSwiftPackageReference "firebase-ios-sdk" */;
			productName = FirebaseAppCheck;
		};
		10D042FA28317C01000203CC /* FirebaseAppDistribution-Beta */ = {
			isa = XCSwiftPackageProductDependency;
			package = 10D042EF28317C01000203CC /* XCRemoteSwiftPackageReference "firebase-ios-sdk" */;
			productName = "FirebaseAppDistribution-Beta";
		};
		10D042FC28317C01000203CC /* FirebaseAuth */ = {
			isa = XCSwiftPackageProductDependency;
			package = 10D042EF28317C01000203CC /* XCRemoteSwiftPackageReference "firebase-ios-sdk" */;
			productName = FirebaseAuth;
		};
		10D042FE28317C01000203CC /* FirebaseAuthCombine-Community */ = {
			isa = XCSwiftPackageProductDependency;
			package = 10D042EF28317C01000203CC /* XCRemoteSwiftPackageReference "firebase-ios-sdk" */;
			productName = "FirebaseAuthCombine-Community";
		};
		10D0430028317C01000203CC /* FirebaseCrashlytics */ = {
			isa = XCSwiftPackageProductDependency;
			package = 10D042EF28317C01000203CC /* XCRemoteSwiftPackageReference "firebase-ios-sdk" */;
			productName = FirebaseCrashlytics;
		};
		10D0430228317C01000203CC /* FirebaseDatabase */ = {
			isa = XCSwiftPackageProductDependency;
			package = 10D042EF28317C01000203CC /* XCRemoteSwiftPackageReference "firebase-ios-sdk" */;
			productName = FirebaseDatabase;
		};
		10D0430428317C01000203CC /* FirebaseDatabaseSwift */ = {
			isa = XCSwiftPackageProductDependency;
			package = 10D042EF28317C01000203CC /* XCRemoteSwiftPackageReference "firebase-ios-sdk" */;
			productName = FirebaseDatabaseSwift;
		};
		10D0430628317C01000203CC /* FirebaseDynamicLinks */ = {
			isa = XCSwiftPackageProductDependency;
			package = 10D042EF28317C01000203CC /* XCRemoteSwiftPackageReference "firebase-ios-sdk" */;
			productName = FirebaseDynamicLinks;
		};
		10D0430828317C01000203CC /* FirebaseFirestore */ = {
			isa = XCSwiftPackageProductDependency;
			package = 10D042EF28317C01000203CC /* XCRemoteSwiftPackageReference "firebase-ios-sdk" */;
			productName = FirebaseFirestore;
		};
		10D0430A28317C01000203CC /* FirebaseFirestoreCombine-Community */ = {
			isa = XCSwiftPackageProductDependency;
			package = 10D042EF28317C01000203CC /* XCRemoteSwiftPackageReference "firebase-ios-sdk" */;
			productName = "FirebaseFirestoreCombine-Community";
		};
		10D0430C28317C01000203CC /* FirebaseFirestoreSwift */ = {
			isa = XCSwiftPackageProductDependency;
			package = 10D042EF28317C01000203CC /* XCRemoteSwiftPackageReference "firebase-ios-sdk" */;
			productName = FirebaseFirestoreSwift;
		};
		10D0430E28317C01000203CC /* FirebaseFunctions */ = {
			isa = XCSwiftPackageProductDependency;
			package = 10D042EF28317C01000203CC /* XCRemoteSwiftPackageReference "firebase-ios-sdk" */;
			productName = FirebaseFunctions;
		};
		10D0431028317C01000203CC /* FirebaseFunctionsCombine-Community */ = {
			isa = XCSwiftPackageProductDependency;
			package = 10D042EF28317C01000203CC /* XCRemoteSwiftPackageReference "firebase-ios-sdk" */;
			productName = "FirebaseFunctionsCombine-Community";
		};
		10D0431228317C01000203CC /* FirebaseInAppMessaging-Beta */ = {
			isa = XCSwiftPackageProductDependency;
			package = 10D042EF28317C01000203CC /* XCRemoteSwiftPackageReference "firebase-ios-sdk" */;
			productName = "FirebaseInAppMessaging-Beta";
		};
		10D0431428317C01000203CC /* FirebaseInAppMessagingSwift-Beta */ = {
			isa = XCSwiftPackageProductDependency;
			package = 10D042EF28317C01000203CC /* XCRemoteSwiftPackageReference "firebase-ios-sdk" */;
			productName = "FirebaseInAppMessagingSwift-Beta";
		};
		10D0431628317C01000203CC /* FirebaseInstallations */ = {
			isa = XCSwiftPackageProductDependency;
			package = 10D042EF28317C01000203CC /* XCRemoteSwiftPackageReference "firebase-ios-sdk" */;
			productName = FirebaseInstallations;
		};
		10D0431828317C01000203CC /* FirebaseMLModelDownloader */ = {
			isa = XCSwiftPackageProductDependency;
			package = 10D042EF28317C01000203CC /* XCRemoteSwiftPackageReference "firebase-ios-sdk" */;
			productName = FirebaseMLModelDownloader;
		};
		10D0431A28317C01000203CC /* FirebaseMessaging */ = {
			isa = XCSwiftPackageProductDependency;
			package = 10D042EF28317C01000203CC /* XCRemoteSwiftPackageReference "firebase-ios-sdk" */;
			productName = FirebaseMessaging;
		};
		10D0431C28317C01000203CC /* FirebasePerformance */ = {
			isa = XCSwiftPackageProductDependency;
			package = 10D042EF28317C01000203CC /* XCRemoteSwiftPackageReference "firebase-ios-sdk" */;
			productName = FirebasePerformance;
		};
		10D0431E28317C01000203CC /* FirebaseRemoteConfig */ = {
			isa = XCSwiftPackageProductDependency;
			package = 10D042EF28317C01000203CC /* XCRemoteSwiftPackageReference "firebase-ios-sdk" */;
			productName = FirebaseRemoteConfig;
		};
		10D0432028317C01000203CC /* FirebaseRemoteConfigSwift */ = {
			isa = XCSwiftPackageProductDependency;
			package = 10D042EF28317C01000203CC /* XCRemoteSwiftPackageReference "firebase-ios-sdk" */;
			productName = FirebaseRemoteConfigSwift;
		};
		10D0432228317C01000203CC /* FirebaseStorage */ = {
			isa = XCSwiftPackageProductDependency;
			package = 10D042EF28317C01000203CC /* XCRemoteSwiftPackageReference "firebase-ios-sdk" */;
			productName = FirebaseStorage;
		};
		10D0432428317C01000203CC /* FirebaseStorageCombine-Community */ = {
			isa = XCSwiftPackageProductDependency;
			package = 10D042EF28317C01000203CC /* XCRemoteSwiftPackageReference "firebase-ios-sdk" */;
			productName = "FirebaseStorageCombine-Community";
		};
/* End XCSwiftPackageProductDependency section */
	};
	rootObject = 10D042B728317772000203CC /* Project object */;
}
